hash: 0e513fbd4c71b68637f53b1f1d57f7418d7ba1654f4f0cc1d7b0aa416a237645
updated: 2017-12-13T21:36:05.845158689-05:00
imports:
- name: github.com/gedex/inflector
  version: 16278e9db8130ac7ec405dc174cfb94344f16325
- name: github.com/iancoleman/strcase
  version: 3de563c3dc08a7504131e9d63f678b7d1c3e85d7
- name: github.com/jmoiron/sqlx
  version: 3379e5993990b1f927fc8db926485e6f6becf2d2
  subpackages:
  - reflectx
- name: github.com/lib/pq
  version: b609790bd85edf8e9ab7e0f8912750a786177bcf
  subpackages:
  - oid
- name: github.com/neelance/graphql-go
  version: beff08417b04a91f0a7618b55786d63eec833b9f
  subpackages:
  - errors
  - internal/common
  - internal/exec
  - internal/exec/packer
  - internal/exec/resolvable
  - internal/exec/selected
  - internal/query
  - internal/schema
  - internal/validation
  - introspection
  - log
  - relay
  - trace
- name: github.com/opentracing/opentracing-go
  version: 1361b9cd60be79c4c3a7fa9841b3c132e40066a7
  subpackages:
  - ext
  - log
- name: golang.org/x/net
  version: c73622c77280266305273cb545f54516ced95b93
  subpackages:
  - context
testImports: []
